
Microsoft Visual Studio Solution File, Format Version 12.00
# Visual Studio Version 17
VisualStudioVersion = 17.12.35707.178
MinimumVisualStudioVersion = 10.0.40219.1
Project("{2150E333-8FDC-42A3-9474-1A3956D46DE8}") = "doc", "doc", "{3434C7C1-09BC-41B1-BF71-BB11D347185F}"
EndProject
Project("{2150E333-8FDC-42A3-9474-1A3956D46DE8}") = "src", "src", "{9695D385-5952-4663-9A55-DF3C72C2E71B}"
EndProject
Project("{2150E333-8FDC-42A3-9474-1A3956D46DE8}") = "test", "test", "{29342A6C-7AF3-4C05-AAD3-53427932C0F2}"
EndProject
Project("{FAE04EC0-301F-11D3-BF4B-00C04F79EFBC}") = "Logger.Test", "test\Logger.Test\Logger.Test.csproj", "{FCF4E257-3741-4467-A81B-F66D731C018A}"
EndProject
Project("{2150E333-8FDC-42A3-9474-1A3956D46DE8}") = "Internal", "Internal", "{4917F98D-C1D8-453D-9CC8-D30F14C857BB}"
EndProject
Project("{2150E333-8FDC-42A3-9474-1A3956D46DE8}") = "Core", "Core", "{4D58FC6E-A8A7-4B21-8A9A-2B80E478937B}"
EndProject
Project("{2150E333-8FDC-42A3-9474-1A3956D46DE8}") = "External", "External", "{B8CC8A80-AA12-4E87-8A20-4FF2D82A83A6}"
EndProject
Project("{2150E333-8FDC-42A3-9474-1A3956D46DE8}") = "Adapters", "Adapters", "{426F5C2A-403C-465B-A942-24F075B247F7}"
EndProject
Project("{FAE04EC0-301F-11D3-BF4B-00C04F79EFBC}") = "Logger.Domain", "src\Internal\Core\Logger.Domain\Logger.Domain.csproj", "{FCBD54B8-9BD7-4A70-BF92-F68352DB4569}"
EndProject
Project("{FAE04EC0-301F-11D3-BF4B-00C04F79EFBC}") = "Logger.Application", "src\Internal\Core\Logger.Application\Logger.Application.csproj", "{4EB8962D-8779-447B-807B-4127EF7CF27E}"
EndProject
Project("{FAE04EC0-301F-11D3-BF4B-00C04F79EFBC}") = "Logger.Adapters.Console", "src\External\Adapters\Logger.Adapters.Console\Logger.Adapters.Console.csproj", "{245E1F3E-A07D-4AF2-BEDD-56C5FCCB60CC}"
EndProject
Project("{FAE04EC0-301F-11D3-BF4B-00C04F79EFBC}") = "Logger.Adapters.File", "src\External\Adapters\Logger.Adapters.File\Logger.Adapters.File.csproj", "{9B3A05D6-256C-4D6C-9C0D-2E02CBC3DD16}"
EndProject
Project("{FAE04EC0-301F-11D3-BF4B-00C04F79EFBC}") = "Logger.Adapters.Database", "src\External\Adapters\Logger.Adapters.Database\Logger.Adapters.Database.csproj", "{105351E2-A797-4932-B896-B3EECA12195F}"
EndProject
Global
	GlobalSection(SolutionConfigurationPlatforms) = preSolution
		Debug|Any CPU = Debug|Any CPU
		Release|Any CPU = Release|Any CPU
	EndGlobalSection
	GlobalSection(ProjectConfigurationPlatforms) = postSolution
		{FCF4E257-3741-4467-A81B-F66D731C018A}.Debug|Any CPU.ActiveCfg = Debug|Any CPU
		{FCF4E257-3741-4467-A81B-F66D731C018A}.Debug|Any CPU.Build.0 = Debug|Any CPU
		{FCF4E257-3741-4467-A81B-F66D731C018A}.Release|Any CPU.ActiveCfg = Release|Any CPU
		{FCF4E257-3741-4467-A81B-F66D731C018A}.Release|Any CPU.Build.0 = Release|Any CPU
		{FCBD54B8-9BD7-4A70-BF92-F68352DB4569}.Debug|Any CPU.ActiveCfg = Debug|Any CPU
		{FCBD54B8-9BD7-4A70-BF92-F68352DB4569}.Debug|Any CPU.Build.0 = Debug|Any CPU
		{FCBD54B8-9BD7-4A70-BF92-F68352DB4569}.Release|Any CPU.ActiveCfg = Release|Any CPU
		{FCBD54B8-9BD7-4A70-BF92-F68352DB4569}.Release|Any CPU.Build.0 = Release|Any CPU
		{4EB8962D-8779-447B-807B-4127EF7CF27E}.Debug|Any CPU.ActiveCfg = Debug|Any CPU
		{4EB8962D-8779-447B-807B-4127EF7CF27E}.Debug|Any CPU.Build.0 = Debug|Any CPU
		{4EB8962D-8779-447B-807B-4127EF7CF27E}.Release|Any CPU.ActiveCfg = Release|Any CPU
		{4EB8962D-8779-447B-807B-4127EF7CF27E}.Release|Any CPU.Build.0 = Release|Any CPU
		{245E1F3E-A07D-4AF2-BEDD-56C5FCCB60CC}.Debug|Any CPU.ActiveCfg = Debug|Any CPU
		{245E1F3E-A07D-4AF2-BEDD-56C5FCCB60CC}.Debug|Any CPU.Build.0 = Debug|Any CPU
		{245E1F3E-A07D-4AF2-BEDD-56C5FCCB60CC}.Release|Any CPU.ActiveCfg = Release|Any CPU
		{245E1F3E-A07D-4AF2-BEDD-56C5FCCB60CC}.Release|Any CPU.Build.0 = Release|Any CPU
		{9B3A05D6-256C-4D6C-9C0D-2E02CBC3DD16}.Debug|Any CPU.ActiveCfg = Debug|Any CPU
		{9B3A05D6-256C-4D6C-9C0D-2E02CBC3DD16}.Debug|Any CPU.Build.0 = Debug|Any CPU
		{9B3A05D6-256C-4D6C-9C0D-2E02CBC3DD16}.Release|Any CPU.ActiveCfg = Release|Any CPU
		{9B3A05D6-256C-4D6C-9C0D-2E02CBC3DD16}.Release|Any CPU.Build.0 = Release|Any CPU
		{105351E2-A797-4932-B896-B3EECA12195F}.Debug|Any CPU.ActiveCfg = Debug|Any CPU
		{105351E2-A797-4932-B896-B3EECA12195F}.Debug|Any CPU.Build.0 = Debug|Any CPU
		{105351E2-A797-4932-B896-B3EECA12195F}.Release|Any CPU.ActiveCfg = Release|Any CPU
		{105351E2-A797-4932-B896-B3EECA12195F}.Release|Any CPU.Build.0 = Release|Any CPU
	EndGlobalSection
	GlobalSection(SolutionProperties) = preSolution
		HideSolutionNode = FALSE
	EndGlobalSection
	GlobalSection(NestedProjects) = preSolution
		{FCF4E257-3741-4467-A81B-F66D731C018A} = {29342A6C-7AF3-4C05-AAD3-53427932C0F2}
		{4917F98D-C1D8-453D-9CC8-D30F14C857BB} = {9695D385-5952-4663-9A55-DF3C72C2E71B}
		{4D58FC6E-A8A7-4B21-8A9A-2B80E478937B} = {4917F98D-C1D8-453D-9CC8-D30F14C857BB}
		{B8CC8A80-AA12-4E87-8A20-4FF2D82A83A6} = {9695D385-5952-4663-9A55-DF3C72C2E71B}
		{426F5C2A-403C-465B-A942-24F075B247F7} = {B8CC8A80-AA12-4E87-8A20-4FF2D82A83A6}
		{FCBD54B8-9BD7-4A70-BF92-F68352DB4569} = {4D58FC6E-A8A7-4B21-8A9A-2B80E478937B}
		{4EB8962D-8779-447B-807B-4127EF7CF27E} = {4D58FC6E-A8A7-4B21-8A9A-2B80E478937B}
		{245E1F3E-A07D-4AF2-BEDD-56C5FCCB60CC} = {426F5C2A-403C-465B-A942-24F075B247F7}
		{9B3A05D6-256C-4D6C-9C0D-2E02CBC3DD16} = {426F5C2A-403C-465B-A942-24F075B247F7}
		{105351E2-A797-4932-B896-B3EECA12195F} = {426F5C2A-403C-465B-A942-24F075B247F7}
	EndGlobalSection
EndGlobal
